PODS:
  - AparajitaCapacitorBiometricAuth (6.0.1):
    - Capacitor
  - Capacitor (6.2.1):
    - CapacitorCordova
  - CapacitorCordova (6.2.1)
  - CapacitorPreferences (6.0.4):
    - Capacitor
  - CapacitorPushNotifications (6.0.5):
    - Capacitor
  - CapacitorStatusBar (6.0.3):
    - Capacitor
  - PurchasesHybridCommon (13.26.0):
    - RevenueCat (= 5.20.0)
  - RevenueCat (5.20.0)
  - RevenuecatPurchasesCapacitor (9.2.2):
    - Capacitor
    - PurchasesHybridCommon (= 13.26.0)

DEPENDENCIES:
  - "AparajitaCapacitorBiometricAuth (from `../../node_modules/@aparajita/capacitor-biometric-auth`)"
  - "Capacitor (from `../../node_modules/@capacitor/ios`)"
  - "CapacitorCordova (from `../../node_modules/@capacitor/ios`)"
  - "CapacitorPreferences (from `../../node_modules/@capacitor/preferences`)"
  - "CapacitorPushNotifications (from `../../node_modules/@capacitor/push-notifications`)"
  - "CapacitorStatusBar (from `../../node_modules/@capacitor/status-bar`)"
  - "RevenuecatPurchasesCapacitor (from `../../node_modules/@revenuecat/purchases-capacitor`)"

SPEC REPOS:
  trunk:
    - PurchasesHybridCommon
    - RevenueCat

EXTERNAL SOURCES:
  AparajitaCapacitorBiometricAuth:
    :path: "../../node_modules/@aparajita/capacitor-biometric-auth"
  Capacitor:
    :path: "../../node_modules/@capacitor/ios"
  CapacitorCordova:
    :path: "../../node_modules/@capacitor/ios"
  CapacitorPreferences:
    :path: "../../node_modules/@capacitor/preferences"
  CapacitorPushNotifications:
    :path: "../../node_modules/@capacitor/push-notifications"
  CapacitorStatusBar:
    :path: "../../node_modules/@capacitor/status-bar"
  RevenuecatPurchasesCapacitor:
    :path: "../../node_modules/@revenuecat/purchases-capacitor"

SPEC CHECKSUMS:
  AparajitaCapacitorBiometricAuth: dfc00fd9ee2733fe43c882135aa17d3e58125e87
  Capacitor: c95400d761e376be9da6be5a05f226c0e865cebf
  CapacitorCordova: 8d93e14982f440181be7304aa9559ca631d77fff
  CapacitorPreferences: 5848e0691b36b4bb4acc98e481ab56d451578d30
  CapacitorPushNotifications: 35abece14371c57172e8321c9ccc8b6fa35fabfe
  CapacitorStatusBar: 149cde8f1328ec3aa6cbdd872a55137ae3f98b16
  PurchasesHybridCommon: fa166fc8b385cf80f581f923c91d8ccffe5dd7f8
  RevenueCat: e47ff90dfd271fde155a4befe48e8fc02e8281e4
  RevenuecatPurchasesCapacitor: 6727a4dc1455bdf2374259420719ce5dfbe957fa

PODFILE CHECKSUM: f9a55102af2d47c5ff36f60ac7abfc727fa3d1c6

COCOAPODS: 1.17.0
